
Microsoft Visual Studio Solution File, Format Version 12.00
# Visual Studio 15
VisualStudioVersion = 15.0.27428.2037
MinimumVisualStudioVersion = 10.0.40219.1
Project("{8BC9CEB8-8B4A-11D0-8D11-00A0C91BC942}") = "PP01.HelloSDL", "PP01.HelloSDL\PP01.HelloSDL.vcxproj", "{E21DFD9C-D3E3-46F6-8214-516178473207}"
EndProject
Project("{8BC9CEB8-8B4A-11D0-8D11-00A0C91BC942}") = "PP02.BreakUpHelloSDL", "..\PP02.BreakUpHelloSDl\PP02.BreakUpHelloSDl.vcxproj", "{E2C26F07-F928-449F-B98A-89F7D8A517ED}"
EndProject
Project("{8BC9CEB8-8B4A-11D0-8D11-00A0C91BC942}") = "PP03.GameClass", "..\PP03.GameClass\PP03.GameClass.vcxproj", "{53E31726-9CAC-4B50-A678-B67E94748AC2}"
EndProject
Project("{8BC9CEB8-8B4A-11D0-8D11-00A0C91BC942}") = "PP04.BasicDrawing", "..\PP04.BasicDrawing\PP04.BasicDrawing.vcxproj", "{CC5FB8D6-2C6E-4063-B831-48F56EE788D6}"
EndProject
Project("{8BC9CEB8-8B4A-11D0-8D11-00A0C91BC942}") = "PP05.AnimatingSprite", "..\PP05.AnimatingSprite\PP05.AnimatingSprite.vcxproj", "{0311BA59-65DC-4E2E-9789-194B9BAC21FC}"
EndProject
Project("{8BC9CEB8-8B4A-11D0-8D11-00A0C91BC942}") = "PP06.ImageSprite", "..\PP06.ImageSprite\PP06.ImageSprite.vcxproj", "{1E7DEBD6-F481-4C98-A3FC-517F6F637D0E}"
EndProject
Project("{8BC9CEB8-8B4A-11D0-8D11-00A0C91BC942}") = "PP08.SingletonTM", "PP08.SingletonTM\PP08.SingletonTM.vcxproj", "{ABE8F110-91F3-4C30-BE70-FB10F00D613F}"
EndProject
Project("{8BC9CEB8-8B4A-11D0-8D11-00A0C91BC942}") = "PP09.Inheritance", "PP09.Inheritance\PP09.Inheritance.vcxproj", "{CAD97550-E521-405D-ABF6-4EE28FF77D37}"
EndProject
Project("{8BC9CEB8-8B4A-11D0-8D11-00A0C91BC942}") = "PP10.Polymorphism", "PP10.Polymorphism\PP10.Polymorphism.vcxproj", "{48CD9C3F-88DD-4ED5-8E52-A645D593695A}"
EndProject
Project("{8BC9CEB8-8B4A-11D0-8D11-00A0C91BC942}") = "PP11.AbstractClass", "PP11.AbstractClass\PP11.AbstractClass.vcxproj", "{9A5A1FE7-4B5D-4E94-8451-02439706DD29}"
EndProject
Global
	GlobalSection(SolutionConfigurationPlatforms) = preSolution
		Debug|x64 = Debug|x64
		Debug|x86 = Debug|x86
		Release|x64 = Release|x64
		Release|x86 = Release|x86
	EndGlobalSection
	GlobalSection(ProjectConfigurationPlatforms) = postSolution
		{E21DFD9C-D3E3-46F6-8214-516178473207}.Debug|x64.ActiveCfg = Debug|x64
		{E21DFD9C-D3E3-46F6-8214-516178473207}.Debug|x64.Build.0 = Debug|x64
		{E21DFD9C-D3E3-46F6-8214-516178473207}.Debug|x86.ActiveCfg = Debug|Win32
		{E21DFD9C-D3E3-46F6-8214-516178473207}.Debug|x86.Build.0 = Debug|Win32
		{E21DFD9C-D3E3-46F6-8214-516178473207}.Release|x64.ActiveCfg = Release|x64
		{E21DFD9C-D3E3-46F6-8214-516178473207}.Release|x64.Build.0 = Release|x64
		{E21DFD9C-D3E3-46F6-8214-516178473207}.Release|x86.ActiveCfg = Release|Win32
		{E21DFD9C-D3E3-46F6-8214-516178473207}.Release|x86.Build.0 = Release|Win32
		{E2C26F07-F928-449F-B98A-89F7D8A517ED}.Debug|x64.ActiveCfg = Debug|x64
		{E2C26F07-F928-449F-B98A-89F7D8A517ED}.Debug|x64.Build.0 = Debug|x64
		{E2C26F07-F928-449F-B98A-89F7D8A517ED}.Debug|x86.ActiveCfg = Debug|Win32
		{E2C26F07-F928-449F-B98A-89F7D8A517ED}.Debug|x86.Build.0 = Debug|Win32
		{E2C26F07-F928-449F-B98A-89F7D8A517ED}.Release|x64.ActiveCfg = Release|x64
		{E2C26F07-F928-449F-B98A-89F7D8A517ED}.Release|x64.Build.0 = Release|x64
		{E2C26F07-F928-449F-B98A-89F7D8A517ED}.Release|x86.ActiveCfg = Release|Win32
		{E2C26F07-F928-449F-B98A-89F7D8A517ED}.Release|x86.Build.0 = Release|Win32
		{53E31726-9CAC-4B50-A678-B67E94748AC2}.Debug|x64.ActiveCfg = Debug|x64
		{53E31726-9CAC-4B50-A678-B67E94748AC2}.Debug|x64.Build.0 = Debug|x64
		{53E31726-9CAC-4B50-A678-B67E94748AC2}.Debug|x86.ActiveCfg = Debug|Win32
		{53E31726-9CAC-4B50-A678-B67E94748AC2}.Debug|x86.Build.0 = Debug|Win32
		{53E31726-9CAC-4B50-A678-B67E94748AC2}.Release|x64.ActiveCfg = Release|x64
		{53E31726-9CAC-4B50-A678-B67E94748AC2}.Release|x64.Build.0 = Release|x64
		{53E31726-9CAC-4B50-A678-B67E94748AC2}.Release|x86.ActiveCfg = Release|Win32
		{53E31726-9CAC-4B50-A678-B67E94748AC2}.Release|x86.Build.0 = Release|Win32
		{CC5FB8D6-2C6E-4063-B831-48F56EE788D6}.Debug|x64.ActiveCfg = Debug|x64
		{CC5FB8D6-2C6E-4063-B831-48F56EE788D6}.Debug|x64.Build.0 = Debug|x64
		{CC5FB8D6-2C6E-4063-B831-48F56EE788D6}.Debug|x86.ActiveCfg = Debug|Win32
		{CC5FB8D6-2C6E-4063-B831-48F56EE788D6}.Debug|x86.Build.0 = Debug|Win32
		{CC5FB8D6-2C6E-4063-B831-48F56EE788D6}.Release|x64.ActiveCfg = Release|x64
		{CC5FB8D6-2C6E-4063-B831-48F56EE788D6}.Release|x64.Build.0 = Release|x64
		{CC5FB8D6-2C6E-4063-B831-48F56EE788D6}.Release|x86.ActiveCfg = Release|Win32
		{CC5FB8D6-2C6E-4063-B831-48F56EE788D6}.Release|x86.Build.0 = Release|Win32
		{0311BA59-65DC-4E2E-9789-194B9BAC21FC}.Debug|x64.ActiveCfg = Debug|x64
		{0311BA59-65DC-4E2E-9789-194B9BAC21FC}.Debug|x64.Build.0 = Debug|x64
		{0311BA59-65DC-4E2E-9789-194B9BAC21FC}.Debug|x86.ActiveCfg = Debug|Win32
		{0311BA59-65DC-4E2E-9789-194B9BAC21FC}.Debug|x86.Build.0 = Debug|Win32
		{0311BA59-65DC-4E2E-9789-194B9BAC21FC}.Release|x64.ActiveCfg = Release|x64
		{0311BA59-65DC-4E2E-9789-194B9BAC21FC}.Release|x64.Build.0 = Release|x64
		{0311BA59-65DC-4E2E-9789-194B9BAC21FC}.Release|x86.ActiveCfg = Release|Win32
		{0311BA59-65DC-4E2E-9789-194B9BAC21FC}.Release|x86.Build.0 = Release|Win32
		{1E7DEBD6-F481-4C98-A3FC-517F6F637D0E}.Debug|x64.ActiveCfg = Debug|x64
		{1E7DEBD6-F481-4C98-A3FC-517F6F637D0E}.Debug|x64.Build.0 = Debug|x64
		{1E7DEBD6-F481-4C98-A3FC-517F6F637D0E}.Debug|x86.ActiveCfg = Debug|Win32
		{1E7DEBD6-F481-4C98-A3FC-517F6F637D0E}.Debug|x86.Build.0 = Debug|Win32
		{1E7DEBD6-F481-4C98-A3FC-517F6F637D0E}.Release|x64.ActiveCfg = Release|x64
		{1E7DEBD6-F481-4C98-A3FC-517F6F637D0E}.Release|x64.Build.0 = Release|x64
		{1E7DEBD6-F481-4C98-A3FC-517F6F637D0E}.Release|x86.ActiveCfg = Release|Win32
		{1E7DEBD6-F481-4C98-A3FC-517F6F637D0E}.Release|x86.Build.0 = Release|Win32
		{ABE8F110-91F3-4C30-BE70-FB10F00D613F}.Debug|x64.ActiveCfg = Debug|x64
		{ABE8F110-91F3-4C30-BE70-FB10F00D613F}.Debug|x64.Build.0 = Debug|x64
		{ABE8F110-91F3-4C30-BE70-FB10F00D613F}.Debug|x86.ActiveCfg = Debug|Win32
		{ABE8F110-91F3-4C30-BE70-FB10F00D613F}.Debug|x86.Build.0 = Debug|Win32
		{ABE8F110-91F3-4C30-BE70-FB10F00D613F}.Release|x64.ActiveCfg = Release|x64
		{ABE8F110-91F3-4C30-BE70-FB10F00D613F}.Release|x64.Build.0 = Release|x64
		{ABE8F110-91F3-4C30-BE70-FB10F00D613F}.Release|x86.ActiveCfg = Release|Win32
		{ABE8F110-91F3-4C30-BE70-FB10F00D613F}.Release|x86.Build.0 = Release|Win32
		{CAD97550-E521-405D-ABF6-4EE28FF77D37}.Debug|x64.ActiveCfg = Debug|x64
		{CAD97550-E521-405D-ABF6-4EE28FF77D37}.Debug|x64.Build.0 = Debug|x64
		{CAD97550-E521-405D-ABF6-4EE28FF77D37}.Debug|x86.ActiveCfg = Debug|Win32
		{CAD97550-E521-405D-ABF6-4EE28FF77D37}.Debug|x86.Build.0 = Debug|Win32
		{CAD97550-E521-405D-ABF6-4EE28FF77D37}.Release|x64.ActiveCfg = Release|x64
		{CAD97550-E521-405D-ABF6-4EE28FF77D37}.Release|x64.Build.0 = Release|x64
		{CAD97550-E521-405D-ABF6-4EE28FF77D37}.Release|x86.ActiveCfg = Release|Win32
		{CAD97550-E521-405D-ABF6-4EE28FF77D37}.Release|x86.Build.0 = Release|Win32
		{48CD9C3F-88DD-4ED5-8E52-A645D593695A}.Debug|x64.ActiveCfg = Debug|x64
		{48CD9C3F-88DD-4ED5-8E52-A645D593695A}.Debug|x64.Build.0 = Debug|x64
		{48CD9C3F-88DD-4ED5-8E52-A645D593695A}.Debug|x86.ActiveCfg = Debug|Win32
		{48CD9C3F-88DD-4ED5-8E52-A645D593695A}.Debug|x86.Build.0 = Debug|Win32
		{48CD9C3F-88DD-4ED5-8E52-A645D593695A}.Release|x64.ActiveCfg = Release|x64
		{48CD9C3F-88DD-4ED5-8E52-A645D593695A}.Release|x64.Build.0 = Release|x64
		{48CD9C3F-88DD-4ED5-8E52-A645D593695A}.Release|x86.ActiveCfg = Release|Win32
		{48CD9C3F-88DD-4ED5-8E52-A645D593695A}.Release|x86.Build.0 = Release|Win32
		{9A5A1FE7-4B5D-4E94-8451-02439706DD29}.Debug|x64.ActiveCfg = Debug|x64
		{9A5A1FE7-4B5D-4E94-8451-02439706DD29}.Debug|x64.Build.0 = Debug|x64
		{9A5A1FE7-4B5D-4E94-8451-02439706DD29}.Debug|x86.ActiveCfg = Debug|Win32
		{9A5A1FE7-4B5D-4E94-8451-02439706DD29}.Debug|x86.Build.0 = Debug|Win32
		{9A5A1FE7-4B5D-4E94-8451-02439706DD29}.Release|x64.ActiveCfg = Release|x64
		{9A5A1FE7-4B5D-4E94-8451-02439706DD29}.Release|x64.Build.0 = Release|x64
		{9A5A1FE7-4B5D-4E94-8451-02439706DD29}.Release|x86.ActiveCfg = Release|Win32
		{9A5A1FE7-4B5D-4E94-8451-02439706DD29}.Release|x86.Build.0 = Release|Win32
	EndGlobalSection
	GlobalSection(SolutionProperties) = preSolution
		HideSolutionNode = FALSE
	EndGlobalSection
	GlobalSection(ExtensibilityGlobals) = postSolution
		SolutionGuid = {B79CC22C-9ED3-44C9-BC4C-E1A85B15EB44}
	EndGlobalSection
EndGlobal
